
Microsoft Visual Studio Solution File, Format Version 12.00
# Visual Studio Version 17
VisualStudioVersion = 17.14.36804.6
MinimumVisualStudioVersion = 10.0.40219.1
Project("{FAE04EC0-301F-11D3-BF4B-00C04F79EFBC}") = "Wallet-Main", "Wallet-Main\Wallet-Main.csproj", "{FE886B81-1260-4F7D-98EC-CD77FFFF8DB6}"
EndProject
Project("{FAE04EC0-301F-11D3-BF4B-00C04F79EFBC}") = "Wallet_lib", "Wallet lib\Wallet_lib.csproj", "{2D25CF83-8FFA-48C2-B7F1-0A50C58D591A}"
EndProject
Project("{FAE04EC0-301F-11D3-BF4B-00C04F79EFBC}") = "Testy", "Testy\Testy.csproj", "{4F52EAD1-5A54-48A8-A415-9A0AA4B651B7}"
EndProject
Global
	GlobalSection(SolutionConfigurationPlatforms) = preSolution
		Debug|Any CPU = Debug|Any CPU
		Release|Any CPU = Release|Any CPU
	EndGlobalSection
	GlobalSection(ProjectConfigurationPlatforms) = postSolution
		{FE886B81-1260-4F7D-98EC-CD77FFFF8DB6}.Debug|Any CPU.ActiveCfg = Debug|Any CPU
		{FE886B81-1260-4F7D-98EC-CD77FFFF8DB6}.Debug|Any CPU.Build.0 = Debug|Any CPU
		{FE886B81-1260-4F7D-98EC-CD77FFFF8DB6}.Debug|Any CPU.Deploy.0 = Debug|Any CPU
		{FE886B81-1260-4F7D-98EC-CD77FFFF8DB6}.Release|Any CPU.ActiveCfg = Release|Any CPU
		{FE886B81-1260-4F7D-98EC-CD77FFFF8DB6}.Release|Any CPU.Build.0 = Release|Any CPU
		{2D25CF83-8FFA-48C2-B7F1-0A50C58D591A}.Debug|Any CPU.ActiveCfg = Debug|Any CPU
		{2D25CF83-8FFA-48C2-B7F1-0A50C58D591A}.Debug|Any CPU.Build.0 = Debug|Any CPU
		{2D25CF83-8FFA-48C2-B7F1-0A50C58D591A}.Release|Any CPU.ActiveCfg = Release|Any CPU
		{2D25CF83-8FFA-48C2-B7F1-0A50C58D591A}.Release|Any CPU.Build.0 = Release|Any CPU
		{4F52EAD1-5A54-48A8-A415-9A0AA4B651B7}.Debug|Any CPU.ActiveCfg = Debug|Any CPU
		{4F52EAD1-5A54-48A8-A415-9A0AA4B651B7}.Debug|Any CPU.Build.0 = Debug|Any CPU
		{4F52EAD1-5A54-48A8-A415-9A0AA4B651B7}.Release|Any CPU.ActiveCfg = Release|Any CPU
		{4F52EAD1-5A54-48A8-A415-9A0AA4B651B7}.Release|Any CPU.Build.0 = Release|Any CPU
	EndGlobalSection
	GlobalSection(SolutionProperties) = preSolution
		HideSolutionNode = FALSE
	EndGlobalSection
	GlobalSection(ExtensibilityGlobals) = postSolution
		SolutionGuid = {0239C3C4-DFA7-48C9-9807-2128BE960290}
	EndGlobalSection
EndGlobal
